{
  "nodes": {
    "emacs-overlay": {
      "inputs": {
        "nixpkgs": [
          "nixpkgs"
        ],
        "nixpkgs-stable": "nixpkgs-stable"
      },
      "locked": {
        "lastModified": 1761532382,
        "narHash": "sha256-j7UBuq/IbI2uYyFSbO4pRrRdQ4EPVFJSb4nmj2F8HhU=",
        "owner": "nix-community",
        "repo": "emacs-overlay",
        "rev": "b877b340deac13aeca7063f4801a1cbf9b8a4a00",
        "type": "github"
      },
      "original": {
        "owner": "nix-community",
        "repo": "emacs-overlay",
        "rev": "b877b340deac13aeca7063f4801a1cbf9b8a4a00",
        "type": "github"
      }
    },
    "flake-parts": {
      "inputs": {
        "nixpkgs-lib": "nixpkgs-lib"
      },
      "locked": {
        "lastModified": 1763759067,
        "narHash": "sha256-LlLt2Jo/gMNYAwOgdRQBrsRoOz7BPRkzvNaI/fzXi2Q=",
        "owner": "hercules-ci",
        "repo": "flake-parts",
        "rev": "2cccadc7357c0ba201788ae99c4dfa90728ef5e0",
        "type": "github"
      },
      "original": {
        "owner": "hercules-ci",
        "repo": "flake-parts",
        "type": "github"
      }
    },
    "home-manager": {
      "inputs": {
        "nixpkgs": [
          "nixpkgs"
        ]
      },
      "locked": {
        "lastModified": 1765980955,
        "narHash": "sha256-rB45jv4uwC90vM9UZ70plfvY/2Kdygs+zlQ07dGQFk4=",
        "owner": "nix-community",
        "repo": "home-manager",
        "rev": "89c9508bbe9b40d36b3dc206c2483ef176f15173",
        "type": "github"
      },
      "original": {
        "owner": "nix-community",
        "repo": "home-manager",
        "type": "github"
      }
    },
    "lem-overlay": {
      "inputs": {
        "flake-parts": "flake-parts",
        "nixpkgs": [
          "nixpkgs"
        ]
      },
      "locked": {
        "lastModified": 1767461094,
        "narHash": "sha256-AAdHb59sAk1h0MnE+EMDfxyYIypFoXjsAIYb1s5p/Kw=",
        "owner": "lem-project",
        "repo": "lem",
        "rev": "3d8ae25f564b8b4403301a6bbd528fe700e55669",
        "type": "github"
      },
      "original": {
        "owner": "lem-project",
        "repo": "lem",
        "type": "github"
      }
    },
    "nixpkgs": {
      "locked": {
        "lastModified": 1765779637,
        "narHash": "sha256-KJ2wa/BLSrTqDjbfyNx70ov/HdgNBCBBSQP3BIzKnv4=",
        "owner": "nixos",
        "repo": "nixpkgs",
        "rev": "1306659b587dc277866c7b69eb97e5f07864d8c4",
        "type": "github"
      },
      "original": {
        "owner": "nixos",
        "ref": "nixos-unstable",
        "repo": "nixpkgs",
        "type": "github"
      }
    },
    "nixpkgs-lib": {
      "locked": {
        "lastModified": 1761765539,
        "narHash": "sha256-b0yj6kfvO8ApcSE+QmA6mUfu8IYG6/uU28OFn4PaC8M=",
        "owner": "nix-community",
        "repo": "nixpkgs.lib",
        "rev": "719359f4562934ae99f5443f20aa06c2ffff91fc",
        "type": "github"
      },
      "original": {
        "owner": "nix-community",
        "repo": "nixpkgs.lib",
        "type": "github"
      }
    },
    "nixpkgs-stable": {
      "locked": {
        "lastModified": 1761468971,
        "narHash": "sha256-vY2OLVg5ZTobdroQKQQSipSIkHlxOTrIF1fsMzPh8w8=",
        "owner": "NixOS",
        "repo": "nixpkgs",
        "rev": "78e34d1667d32d8a0ffc3eba4591ff256e80576e",
        "type": "github"
      },
      "original": {
        "owner": "NixOS",
        "ref": "nixos-25.05",
        "repo": "nixpkgs",
        "type": "github"
      }
    },
    "root": {
      "inputs": {
        "emacs-overlay": "emacs-overlay",
        "home-manager": "home-manager",
        "lem-overlay": "lem-overlay",
        "nixpkgs": "nixpkgs"
      }
    }
  },
  "root": "root",
  "version": 7
}
